
Microsoft Visual Studio Solution File, Format Version 12.00
# Visual Studio Version 17
VisualStudioVersion = 17.4.33403.182
MinimumVisualStudioVersion = 10.0.40219.1
Project("{FAE04EC0-301F-11D3-BF4B-00C04F79EFBC}") = "LoanManagement", "LoanManagement.csproj", "{2E9B343A-91D4-4062-A0E5-636F1791B3EA}"
EndProject
Global
	GlobalSection(SolutionConfigurationPlatforms) = preSolution
		Debug|Any CPU = Debug|Any CPU
		Release|Any CPU = Release|Any CPU
	EndGlobalSection
	GlobalSection(ProjectConfigurationPlatforms) = postSolution
		{2E9B343A-91D4-4062-A0E5-636F1791B3EA}.Debug|Any CPU.ActiveCfg = Debug|Any CPU
		{2E9B343A-91D4-4062-A0E5-636F1791B3EA}.Debug|Any CPU.Build.0 = Debug|Any CPU
		{2E9B343A-91D4-4062-A0E5-636F1791B3EA}.Release|Any CPU.ActiveCfg = Release|Any CPU
		{2E9B343A-91D4-4062-A0E5-636F1791B3EA}.Release|Any CPU.Build.0 = Release|Any CPU
	EndGlobalSection
	GlobalSection(SolutionProperties) = preSolution
		HideSolutionNode = FALSE
	EndGlobalSection
	GlobalSection(ExtensibilityGlobals) = postSolution
		SolutionGuid = {805EA9E9-C1D3-41FD-ADE7-67B15F32E7C3}
	EndGlobalSection
EndGlobal
